
Microsoft Visual Studio Solution File, Format Version 12.00
# Visual Studio Version 17
VisualStudioVersion = 17.14.36408.4
MinimumVisualStudioVersion = 10.0.40219.1
Project("{FAE04EC0-301F-11D3-BF4B-00C04F79EFBC}") = "MeshTopologyToolkit", "MeshTopologyToolkit\MeshTopologyToolkit.csproj", "{9B8BAE0D-AC79-41C3-8847-EE982840F4A8}"
EndProject
Project("{FAE04EC0-301F-11D3-BF4B-00C04F79EFBC}") = "MeshTopologyToolkit.Tests", "MeshTopologyToolkit.Tests\MeshTopologyToolkit.Tests.csproj", "{01B45167-B00E-808C-AA75-B66215327F1D}"
EndProject
Project("{FAE04EC0-301F-11D3-BF4B-00C04F79EFBC}") = "MeshTopologyToolkit.Viewer", "MeshTopologyToolkit.Viewer\MeshTopologyToolkit.Viewer.csproj", "{0BEB3D3B-21E9-C353-B440-076CB3EE5A52}"
EndProject
Project("{FAE04EC0-301F-11D3-BF4B-00C04F79EFBC}") = "MeshTopologyToolkit.Urho3D", "MeshTopologyToolkit.Urho3D\MeshTopologyToolkit.Urho3D.csproj", "{C8FB7EFD-BD73-47CE-9B49-E807097AA957}"
EndProject
Project("{FAE04EC0-301F-11D3-BF4B-00C04F79EFBC}") = "MeshTopologyToolkit.Obj", "MeshTopologyToolkit.Obj\MeshTopologyToolkit.Obj.csproj", "{67D1C773-4324-47FC-AC19-529411AAE2E7}"
EndProject
Project("{FAE04EC0-301F-11D3-BF4B-00C04F79EFBC}") = "MeshTopologyToolkit.Stl", "MeshTopologyToolkit.Stl\MeshTopologyToolkit.Stl.csproj", "{E77920AF-8981-41E0-B8B4-626025F9A597}"
EndProject
Project("{FAE04EC0-301F-11D3-BF4B-00C04F79EFBC}") = "MeshTopologyToolkit.Gltf", "MeshTopologyToolkit.Gltf\MeshTopologyToolkit.Gltf.csproj", "{8B07BAB5-CD88-4BDF-9689-A51E60B547E1}"
EndProject
Project("{2150E333-8FDC-42A3-9474-1A3956D46DE8}") = "samples", "samples", "{02EA681E-C7D8-13C7-8484-4AC65E1B71E8}"
EndProject
Project("{2150E333-8FDC-42A3-9474-1A3956D46DE8}") = "src", "src", "{2D397983-D0B6-4BC7-921F-47F10499F146}"
EndProject
Project("{FAE04EC0-301F-11D3-BF4B-00C04F79EFBC}") = "MeshTopologyToolkit.Bsp", "MeshTopologyToolkit.Bsp\MeshTopologyToolkit.Bsp.csproj", "{26501AB1-9C41-46C3-B986-11E798F4CC04}"
EndProject
Project("{FAE04EC0-301F-11D3-BF4B-00C04F79EFBC}") = "MeshTopologyToolkit.Svg", "MeshTopologyToolkit.Svg\MeshTopologyToolkit.Svg.csproj", "{0549F4E2-6D44-4289-BA91-FF298F0AA5BC}"
EndProject
Project("{FAE04EC0-301F-11D3-BF4B-00C04F79EFBC}") = "MeshTopologyToolkit.TrimGenerator", "MeshTopologyToolkit.TrimGenerator\MeshTopologyToolkit.TrimGenerator.csproj", "{874C6CCF-4DAA-468C-92F0-3AA2B770449B}"
EndProject
Project("{FAE04EC0-301F-11D3-BF4B-00C04F79EFBC}") = "MeshTopologyToolkit.TextureFormats", "MeshTopologyToolkit.TextureFormats\MeshTopologyToolkit.TextureFormats.csproj", "{160911D4-E9C2-4781-81D1-814CF6C71F41}"
EndProject
Project("{2150E333-8FDC-42A3-9474-1A3956D46DE8}") = "common", "common", "{8EC462FD-D22E-90A8-E5CE-7E832BA40C5D}"
	ProjectSection(SolutionItems) = preProject
		Directory.Build.props = Directory.Build.props
	EndProjectSection
EndProject
Project("{FAE04EC0-301F-11D3-BF4B-00C04F79EFBC}") = "MeshTopologyToolkit.Collada", "MeshTopologyToolkit.Collada\MeshTopologyToolkit.Collada.csproj", "{0F476AA4-E08E-4E78-B2E7-2EFD12FD593E}"
EndProject
Project("{FAE04EC0-301F-11D3-BF4B-00C04F79EFBC}") = "MeshTopologyToolkit.Ase", "MeshTopologyToolkit.Ase\MeshTopologyToolkit.Ase.csproj", "{FBDF0E07-6E37-47D9-945D-2ABFD286B067}"
EndProject
Project("{FAE04EC0-301F-11D3-BF4B-00C04F79EFBC}") = "MeshTopologyToolkit.Off", "MeshTopologyToolkit.Off\MeshTopologyToolkit.Off.csproj", "{4771F088-173A-4291-8601-A25CF5198A14}"
EndProject
Project("{FAE04EC0-301F-11D3-BF4B-00C04F79EFBC}") = "MeshTopologyToolkit.BasRelief", "MeshTopologyToolkit.BasRelief\MeshTopologyToolkit.BasRelief.csproj", "{7672BB49-4A55-4926-9E92-0E3BC54C96E4}"
EndProject
Project("{FAE04EC0-301F-11D3-BF4B-00C04F79EFBC}") = "Sandbox", "Sandbox\Sandbox.csproj", "{42E67809-5943-4A7F-96A5-1973DBB27F00}"
EndProject
Global
	GlobalSection(SolutionConfigurationPlatforms) = preSolution
		Debug|Any CPU = Debug|Any CPU
		Release|Any CPU = Release|Any CPU
	EndGlobalSection
	GlobalSection(ProjectConfigurationPlatforms) = postSolution
		{9B8BAE0D-AC79-41C3-8847-EE982840F4A8}.Debug|Any CPU.ActiveCfg = Debug|Any CPU
		{9B8BAE0D-AC79-41C3-8847-EE982840F4A8}.Debug|Any CPU.Build.0 = Debug|Any CPU
		{9B8BAE0D-AC79-41C3-8847-EE982840F4A8}.Release|Any CPU.ActiveCfg = Release|Any CPU
		{9B8BAE0D-AC79-41C3-8847-EE982840F4A8}.Release|Any CPU.Build.0 = Release|Any CPU
		{01B45167-B00E-808C-AA75-B66215327F1D}.Debug|Any CPU.ActiveCfg = Debug|Any CPU
		{01B45167-B00E-808C-AA75-B66215327F1D}.Debug|Any CPU.Build.0 = Debug|Any CPU
		{01B45167-B00E-808C-AA75-B66215327F1D}.Release|Any CPU.ActiveCfg = Release|Any CPU
		{01B45167-B00E-808C-AA75-B66215327F1D}.Release|Any CPU.Build.0 = Release|Any CPU
		{0BEB3D3B-21E9-C353-B440-076CB3EE5A52}.Debug|Any CPU.ActiveCfg = Debug|Any CPU
		{0BEB3D3B-21E9-C353-B440-076CB3EE5A52}.Debug|Any CPU.Build.0 = Debug|Any CPU
		{0BEB3D3B-21E9-C353-B440-076CB3EE5A52}.Release|Any CPU.ActiveCfg = Release|Any CPU
		{0BEB3D3B-21E9-C353-B440-076CB3EE5A52}.Release|Any CPU.Build.0 = Release|Any CPU
		{C8FB7EFD-BD73-47CE-9B49-E807097AA957}.Debug|Any CPU.ActiveCfg = Debug|Any CPU
		{C8FB7EFD-BD73-47CE-9B49-E807097AA957}.Debug|Any CPU.Build.0 = Debug|Any CPU
		{C8FB7EFD-BD73-47CE-9B49-E807097AA957}.Release|Any CPU.ActiveCfg = Release|Any CPU
		{C8FB7EFD-BD73-47CE-9B49-E807097AA957}.Release|Any CPU.Build.0 = Release|Any CPU
		{67D1C773-4324-47FC-AC19-529411AAE2E7}.Debug|Any CPU.ActiveCfg = Debug|Any CPU
		{67D1C773-4324-47FC-AC19-529411AAE2E7}.Debug|Any CPU.Build.0 = Debug|Any CPU
		{67D1C773-4324-47FC-AC19-529411AAE2E7}.Release|Any CPU.ActiveCfg = Release|Any CPU
		{67D1C773-4324-47FC-AC19-529411AAE2E7}.Release|Any CPU.Build.0 = Release|Any CPU
		{E77920AF-8981-41E0-B8B4-626025F9A597}.Debug|Any CPU.ActiveCfg = Debug|Any CPU
		{E77920AF-8981-41E0-B8B4-626025F9A597}.Debug|Any CPU.Build.0 = Debug|Any CPU
		{E77920AF-8981-41E0-B8B4-626025F9A597}.Release|Any CPU.ActiveCfg = Release|Any CPU
		{E77920AF-8981-41E0-B8B4-626025F9A597}.Release|Any CPU.Build.0 = Release|Any CPU
		{8B07BAB5-CD88-4BDF-9689-A51E60B547E1}.Debug|Any CPU.ActiveCfg = Debug|Any CPU
		{8B07BAB5-CD88-4BDF-9689-A51E60B547E1}.Debug|Any CPU.Build.0 = Debug|Any CPU
		{8B07BAB5-CD88-4BDF-9689-A51E60B547E1}.Release|Any CPU.ActiveCfg = Release|Any CPU
		{8B07BAB5-CD88-4BDF-9689-A51E60B547E1}.Release|Any CPU.Build.0 = Release|Any CPU
		{26501AB1-9C41-46C3-B986-11E798F4CC04}.Debug|Any CPU.ActiveCfg = Debug|Any CPU
		{26501AB1-9C41-46C3-B986-11E798F4CC04}.Debug|Any CPU.Build.0 = Debug|Any CPU
		{26501AB1-9C41-46C3-B986-11E798F4CC04}.Release|Any CPU.ActiveCfg = Release|Any CPU
		{26501AB1-9C41-46C3-B986-11E798F4CC04}.Release|Any CPU.Build.0 = Release|Any CPU
		{0549F4E2-6D44-4289-BA91-FF298F0AA5BC}.Debug|Any CPU.ActiveCfg = Debug|Any CPU
		{0549F4E2-6D44-4289-BA91-FF298F0AA5BC}.Debug|Any CPU.Build.0 = Debug|Any CPU
		{0549F4E2-6D44-4289-BA91-FF298F0AA5BC}.Release|Any CPU.ActiveCfg = Release|Any CPU
		{0549F4E2-6D44-4289-BA91-FF298F0AA5BC}.Release|Any CPU.Build.0 = Release|Any CPU
		{874C6CCF-4DAA-468C-92F0-3AA2B770449B}.Debug|Any CPU.ActiveCfg = Debug|Any CPU
		{874C6CCF-4DAA-468C-92F0-3AA2B770449B}.Debug|Any CPU.Build.0 = Debug|Any CPU
		{874C6CCF-4DAA-468C-92F0-3AA2B770449B}.Release|Any CPU.ActiveCfg = Release|Any CPU
		{874C6CCF-4DAA-468C-92F0-3AA2B770449B}.Release|Any CPU.Build.0 = Release|Any CPU
		{160911D4-E9C2-4781-81D1-814CF6C71F41}.Debug|Any CPU.ActiveCfg = Debug|Any CPU
		{160911D4-E9C2-4781-81D1-814CF6C71F41}.Debug|Any CPU.Build.0 = Debug|Any CPU
		{160911D4-E9C2-4781-81D1-814CF6C71F41}.Release|Any CPU.ActiveCfg = Release|Any CPU
		{160911D4-E9C2-4781-81D1-814CF6C71F41}.Release|Any CPU.Build.0 = Release|Any CPU
		{0F476AA4-E08E-4E78-B2E7-2EFD12FD593E}.Debug|Any CPU.ActiveCfg = Debug|Any CPU
		{0F476AA4-E08E-4E78-B2E7-2EFD12FD593E}.Debug|Any CPU.Build.0 = Debug|Any CPU
		{0F476AA4-E08E-4E78-B2E7-2EFD12FD593E}.Release|Any CPU.ActiveCfg = Release|Any CPU
		{0F476AA4-E08E-4E78-B2E7-2EFD12FD593E}.Release|Any CPU.Build.0 = Release|Any CPU
		{FBDF0E07-6E37-47D9-945D-2ABFD286B067}.Debug|Any CPU.ActiveCfg = Debug|Any CPU
		{FBDF0E07-6E37-47D9-945D-2ABFD286B067}.Debug|Any CPU.Build.0 = Debug|Any CPU
		{FBDF0E07-6E37-47D9-945D-2ABFD286B067}.Release|Any CPU.ActiveCfg = Release|Any CPU
		{FBDF0E07-6E37-47D9-945D-2ABFD286B067}.Release|Any CPU.Build.0 = Release|Any CPU
		{4771F088-173A-4291-8601-A25CF5198A14}.Debug|Any CPU.ActiveCfg = Debug|Any CPU
		{4771F088-173A-4291-8601-A25CF5198A14}.Debug|Any CPU.Build.0 = Debug|Any CPU
		{4771F088-173A-4291-8601-A25CF5198A14}.Release|Any CPU.ActiveCfg = Release|Any CPU
		{4771F088-173A-4291-8601-A25CF5198A14}.Release|Any CPU.Build.0 = Release|Any CPU
		{7672BB49-4A55-4926-9E92-0E3BC54C96E4}.Debug|Any CPU.ActiveCfg = Debug|Any CPU
		{7672BB49-4A55-4926-9E92-0E3BC54C96E4}.Debug|Any CPU.Build.0 = Debug|Any CPU
		{7672BB49-4A55-4926-9E92-0E3BC54C96E4}.Release|Any CPU.ActiveCfg = Release|Any CPU
		{7672BB49-4A55-4926-9E92-0E3BC54C96E4}.Release|Any CPU.Build.0 = Release|Any CPU
		{42E67809-5943-4A7F-96A5-1973DBB27F00}.Debug|Any CPU.ActiveCfg = Debug|Any CPU
		{42E67809-5943-4A7F-96A5-1973DBB27F00}.Debug|Any CPU.Build.0 = Debug|Any CPU
		{42E67809-5943-4A7F-96A5-1973DBB27F00}.Release|Any CPU.ActiveCfg = Release|Any CPU
		{42E67809-5943-4A7F-96A5-1973DBB27F00}.Release|Any CPU.Build.0 = Release|Any CPU
	EndGlobalSection
	GlobalSection(SolutionProperties) = preSolution
		HideSolutionNode = FALSE
	EndGlobalSection
	GlobalSection(NestedProjects) = preSolution
		{9B8BAE0D-AC79-41C3-8847-EE982840F4A8} = {2D397983-D0B6-4BC7-921F-47F10499F146}
		{01B45167-B00E-808C-AA75-B66215327F1D} = {2D397983-D0B6-4BC7-921F-47F10499F146}
		{0BEB3D3B-21E9-C353-B440-076CB3EE5A52} = {2D397983-D0B6-4BC7-921F-47F10499F146}
		{C8FB7EFD-BD73-47CE-9B49-E807097AA957} = {2D397983-D0B6-4BC7-921F-47F10499F146}
		{67D1C773-4324-47FC-AC19-529411AAE2E7} = {2D397983-D0B6-4BC7-921F-47F10499F146}
		{E77920AF-8981-41E0-B8B4-626025F9A597} = {2D397983-D0B6-4BC7-921F-47F10499F146}
		{8B07BAB5-CD88-4BDF-9689-A51E60B547E1} = {2D397983-D0B6-4BC7-921F-47F10499F146}
		{26501AB1-9C41-46C3-B986-11E798F4CC04} = {2D397983-D0B6-4BC7-921F-47F10499F146}
		{0549F4E2-6D44-4289-BA91-FF298F0AA5BC} = {2D397983-D0B6-4BC7-921F-47F10499F146}
		{874C6CCF-4DAA-468C-92F0-3AA2B770449B} = {02EA681E-C7D8-13C7-8484-4AC65E1B71E8}
		{160911D4-E9C2-4781-81D1-814CF6C71F41} = {2D397983-D0B6-4BC7-921F-47F10499F146}
		{0F476AA4-E08E-4E78-B2E7-2EFD12FD593E} = {2D397983-D0B6-4BC7-921F-47F10499F146}
		{FBDF0E07-6E37-47D9-945D-2ABFD286B067} = {2D397983-D0B6-4BC7-921F-47F10499F146}
		{4771F088-173A-4291-8601-A25CF5198A14} = {2D397983-D0B6-4BC7-921F-47F10499F146}
		{7672BB49-4A55-4926-9E92-0E3BC54C96E4} = {02EA681E-C7D8-13C7-8484-4AC65E1B71E8}
		{42E67809-5943-4A7F-96A5-1973DBB27F00} = {02EA681E-C7D8-13C7-8484-4AC65E1B71E8}
	EndGlobalSection
	GlobalSection(ExtensibilityGlobals) = postSolution
		SolutionGuid = {77388166-23D8-4103-BC76-F7EA4C9033BF}
	EndGlobalSection
EndGlobal
