
Microsoft Visual Studio Solution File, Format Version 12.00
# Visual Studio Version 17
VisualStudioVersion = 17.14.36408.4
MinimumVisualStudioVersion = 10.0.40219.1
Project("{FAE04EC0-301F-11D3-BF4B-00C04F79EFBC}") = "MeshTopologyToolkit", "MeshTopologyToolkit\MeshTopologyToolkit.csproj", "{9B8BAE0D-AC79-41C3-8847-EE982840F4A8}"
EndProject
Project("{FAE04EC0-301F-11D3-BF4B-00C04F79EFBC}") = "MeshTopologyToolkit.Tests", "MeshTopologyToolkit.Tests\MeshTopologyToolkit.Tests.csproj", "{01B45167-B00E-808C-AA75-B66215327F1D}"
EndProject
Project("{FAE04EC0-301F-11D3-BF4B-00C04F79EFBC}") = "MeshTopologyToolkit.Viewer", "MeshTopologyToolkit.Viewer\MeshTopologyToolkit.Viewer.csproj", "{0BEB3D3B-21E9-C353-B440-076CB3EE5A52}"
EndProject
Project("{FAE04EC0-301F-11D3-BF4B-00C04F79EFBC}") = "MeshTopologyToolkit.Urho3D", "MeshTopologyToolkit.Urho3D\MeshTopologyToolkit.Urho3D.csproj", "{C8FB7EFD-BD73-47CE-9B49-E807097AA957}"
EndProject
Project("{FAE04EC0-301F-11D3-BF4B-00C04F79EFBC}") = "MeshTopologyToolkit.Obj", "MeshTopologyToolkit.Obj\MeshTopologyToolkit.Obj.csproj", "{67D1C773-4324-47FC-AC19-529411AAE2E7}"
EndProject
Project("{FAE04EC0-301F-11D3-BF4B-00C04F79EFBC}") = "MeshTopologyToolkit.Stl", "MeshTopologyToolkit.Stl\MeshTopologyToolkit.Stl.csproj", "{E77920AF-8981-41E0-B8B4-626025F9A597}"
EndProject
Global
	GlobalSection(SolutionConfigurationPlatforms) = preSolution
		Debug|Any CPU = Debug|Any CPU
		Release|Any CPU = Release|Any CPU
	EndGlobalSection
	GlobalSection(ProjectConfigurationPlatforms) = postSolution
		{9B8BAE0D-AC79-41C3-8847-EE982840F4A8}.Debug|Any CPU.ActiveCfg = Debug|Any CPU
		{9B8BAE0D-AC79-41C3-8847-EE982840F4A8}.Debug|Any CPU.Build.0 = Debug|Any CPU
		{9B8BAE0D-AC79-41C3-8847-EE982840F4A8}.Release|Any CPU.ActiveCfg = Release|Any CPU
		{9B8BAE0D-AC79-41C3-8847-EE982840F4A8}.Release|Any CPU.Build.0 = Release|Any CPU
		{01B45167-B00E-808C-AA75-B66215327F1D}.Debug|Any CPU.ActiveCfg = Debug|Any CPU
		{01B45167-B00E-808C-AA75-B66215327F1D}.Debug|Any CPU.Build.0 = Debug|Any CPU
		{01B45167-B00E-808C-AA75-B66215327F1D}.Release|Any CPU.ActiveCfg = Release|Any CPU
		{01B45167-B00E-808C-AA75-B66215327F1D}.Release|Any CPU.Build.0 = Release|Any CPU
		{0BEB3D3B-21E9-C353-B440-076CB3EE5A52}.Debug|Any CPU.ActiveCfg = Debug|Any CPU
		{0BEB3D3B-21E9-C353-B440-076CB3EE5A52}.Debug|Any CPU.Build.0 = Debug|Any CPU
		{0BEB3D3B-21E9-C353-B440-076CB3EE5A52}.Release|Any CPU.ActiveCfg = Release|Any CPU
		{0BEB3D3B-21E9-C353-B440-076CB3EE5A52}.Release|Any CPU.Build.0 = Release|Any CPU
		{C8FB7EFD-BD73-47CE-9B49-E807097AA957}.Debug|Any CPU.ActiveCfg = Debug|Any CPU
		{C8FB7EFD-BD73-47CE-9B49-E807097AA957}.Debug|Any CPU.Build.0 = Debug|Any CPU
		{C8FB7EFD-BD73-47CE-9B49-E807097AA957}.Release|Any CPU.ActiveCfg = Release|Any CPU
		{C8FB7EFD-BD73-47CE-9B49-E807097AA957}.Release|Any CPU.Build.0 = Release|Any CPU
		{67D1C773-4324-47FC-AC19-529411AAE2E7}.Debug|Any CPU.ActiveCfg = Debug|Any CPU
		{67D1C773-4324-47FC-AC19-529411AAE2E7}.Debug|Any CPU.Build.0 = Debug|Any CPU
		{67D1C773-4324-47FC-AC19-529411AAE2E7}.Release|Any CPU.ActiveCfg = Release|Any CPU
		{67D1C773-4324-47FC-AC19-529411AAE2E7}.Release|Any CPU.Build.0 = Release|Any CPU
		{E77920AF-8981-41E0-B8B4-626025F9A597}.Debug|Any CPU.ActiveCfg = Debug|Any CPU
		{E77920AF-8981-41E0-B8B4-626025F9A597}.Debug|Any CPU.Build.0 = Debug|Any CPU
		{E77920AF-8981-41E0-B8B4-626025F9A597}.Release|Any CPU.ActiveCfg = Release|Any CPU
		{E77920AF-8981-41E0-B8B4-626025F9A597}.Release|Any CPU.Build.0 = Release|Any CPU
	EndGlobalSection
	GlobalSection(SolutionProperties) = preSolution
		HideSolutionNode = FALSE
	EndGlobalSection
	GlobalSection(ExtensibilityGlobals) = postSolution
		SolutionGuid = {77388166-23D8-4103-BC76-F7EA4C9033BF}
	EndGlobalSection
EndGlobal
